
Microsoft Visual Studio Solution File, Format Version 12.00
# Visual Studio Version 17
VisualStudioVersion = 17.4.33103.184
MinimumVisualStudioVersion = 10.0.40219.1
Project("{9A19103F-16F7-4668-BE54-9A1E7A4F7556}") = "Tamagoshi", "Tamagoshi\Tamagoshi.csproj", "{9848F888-F2A3-45EF-8671-0CC178ECACE1}"
EndProject
Project("{FAE04EC0-301F-11D3-BF4B-00C04F79EFBC}") = "Test", "Test\Test.csproj", "{06E0528F-98F1-41A6-8CB4-DB3BE569772F}"
EndProject
Global
	GlobalSection(SolutionConfigurationPlatforms) = preSolution
		Debug|Any CPU = Debug|Any CPU
		Release|Any CPU = Release|Any CPU
	EndGlobalSection
	GlobalSection(ProjectConfigurationPlatforms) = postSolution
		{9848F888-F2A3-45EF-8671-0CC178ECACE1}.Debug|Any CPU.ActiveCfg = Debug|Any CPU
		{9848F888-F2A3-45EF-8671-0CC178ECACE1}.Debug|Any CPU.Build.0 = Debug|Any CPU
		{9848F888-F2A3-45EF-8671-0CC178ECACE1}.Release|Any CPU.ActiveCfg = Release|Any CPU
		{9848F888-F2A3-45EF-8671-0CC178ECACE1}.Release|Any CPU.Build.0 = Release|Any CPU
		{06E0528F-98F1-41A6-8CB4-DB3BE569772F}.Debug|Any CPU.ActiveCfg = Debug|Any CPU
		{06E0528F-98F1-41A6-8CB4-DB3BE569772F}.Debug|Any CPU.Build.0 = Debug|Any CPU
		{06E0528F-98F1-41A6-8CB4-DB3BE569772F}.Release|Any CPU.ActiveCfg = Release|Any CPU
		{06E0528F-98F1-41A6-8CB4-DB3BE569772F}.Release|Any CPU.Build.0 = Release|Any CPU
	EndGlobalSection
	GlobalSection(SolutionProperties) = preSolution
		HideSolutionNode = FALSE
	EndGlobalSection
	GlobalSection(ExtensibilityGlobals) = postSolution
		SolutionGuid = {9726ED28-3985-4F86-A73C-4CB7958D137E}
	EndGlobalSection
EndGlobal
